
Microsoft Visual Studio Solution File, Format Version 12.00
# Visual Studio Version 17
Project("{2150E333-8FDC-42A3-9474-1A3956D46DE8}") = "CMakePredefinedTargets", "CMakePredefinedTargets", "{7B0781D8-F349-3972-8889-F63673BFB7F0}"
EndProject
Project("{2150E333-8FDC-42A3-9474-1A3956D46DE8}") = "GLFW3", "GLFW3", "{6C26B091-E610-35A0-9901-8BCDC4E84CA1}"
EndProject
Project("{2150E333-8FDC-42A3-9474-1A3956D46DE8}") = "Examples", "GLFW3\Examples", "{C1243949-A270-349C-8F80-8BE21B3CA095}"
EndProject
Project("{2150E333-8FDC-42A3-9474-1A3956D46DE8}") = "Tests", "GLFW3\Tests", "{801C38A7-D25F-386D-B5DC-53C6ADD33556}"
EndProject
Project("{8BC9CEB8-8B4A-11D0-8D11-00A0C91BC942}") = "ALL_BUILD", "ALL_BUILD.vcxproj", "{A6905CA9-26C9-3F7C-9F87-DF3ABD1CAD89}"
	ProjectSection(ProjectDependencies) = postProject
		{8D36724E-38C0-3E6A-8546-0B0CB59F664E} = {8D36724E-38C0-3E6A-8546-0B0CB59F664E}
		{609E04F3-B847-33DD-ADA3-3022651D8A0E} = {609E04F3-B847-33DD-ADA3-3022651D8A0E}
		{D509AD5F-F477-35F0-B25A-84C1274BEBF6} = {D509AD5F-F477-35F0-B25A-84C1274BEBF6}
		{810DEEDD-0D71-3E67-A83C-06B5EFF4B50B} = {810DEEDD-0D71-3E67-A83C-06B5EFF4B50B}
		{60FB3243-11E8-367F-81FF-8119DE6AD4F8} = {60FB3243-11E8-367F-81FF-8119DE6AD4F8}
		{D2C43146-FDB3-3EC8-8394-DAC8D5BA2671} = {D2C43146-FDB3-3EC8-8394-DAC8D5BA2671}
		{079ACE4D-3C7A-3AA8-A0C6-547826B12F64} = {079ACE4D-3C7A-3AA8-A0C6-547826B12F64}
		{ABB344B4-FDAF-38A0-947F-36ACFC00D50D} = {ABB344B4-FDAF-38A0-947F-36ACFC00D50D}
		{8976EE25-0557-3C83-85F0-F9205BD32D7B} = {8976EE25-0557-3C83-85F0-F9205BD32D7B}
		{07521885-357C-3BFF-8642-DDF867C66DDA} = {07521885-357C-3BFF-8642-DDF867C66DDA}
		{13D59877-6CE5-39B9-A7C1-7E7977D3B1CC} = {13D59877-6CE5-39B9-A7C1-7E7977D3B1CC}
		{39517E77-8097-3D1D-925E-8F4EDC1485D3} = {39517E77-8097-3D1D-925E-8F4EDC1485D3}
		{F2373260-C6FE-38BF-BDD7-EFA7F6D971F4} = {F2373260-C6FE-38BF-BDD7-EFA7F6D971F4}
		{79E26050-A5D8-339A-8890-E8B4903088E0} = {79E26050-A5D8-339A-8890-E8B4903088E0}
		{82F40C97-87BB-3F62-967B-4F2FA9F45EB4} = {82F40C97-87BB-3F62-967B-4F2FA9F45EB4}
		{029D926B-2639-3A5B-A53A-7B48DDAED5A7} = {029D926B-2639-3A5B-A53A-7B48DDAED5A7}
		{ACE6E0C0-702F-3EDC-B20F-92850621CBB1} = {ACE6E0C0-702F-3EDC-B20F-92850621CBB1}
		{EA79FFF0-11BB-3334-AC7F-D539AF4161F8} = {EA79FFF0-11BB-3334-AC7F-D539AF4161F8}
		{9D6CD3A0-EB87-3AC0-8F1A-0C4B1B994075} = {9D6CD3A0-EB87-3AC0-8F1A-0C4B1B994075}
		{9445781D-83A7-3B96-9AB3-B82A24890A86} = {9445781D-83A7-3B96-9AB3-B82A24890A86}
		{6E930B3C-69EA-3A9B-A260-3B1B966C09E2} = {6E930B3C-69EA-3A9B-A260-3B1B966C09E2}
		{78B206C8-E350-394F-B847-483BCF24C948} = {78B206C8-E350-394F-B847-483BCF24C948}
		{C47536EE-FFF5-3806-A339-3A40C4A55ADD} = {C47536EE-FFF5-3806-A339-3A40C4A55ADD}
		{6B32A3D0-1C6D-3832-899C-1DB70549D5A4} = {6B32A3D0-1C6D-3832-899C-1DB70549D5A4}
		{6C1409D2-9C4A-31E0-A42B-C0787AA05FA6} = {6C1409D2-9C4A-31E0-A42B-C0787AA05FA6}
		{FA861206-AAD5-3182-8BB7-F962AD467144} = {FA861206-AAD5-3182-8BB7-F962AD467144}
		{17779373-57EF-38A6-9DEE-3219ECF9867A} = {17779373-57EF-38A6-9DEE-3219ECF9867A}
		{D37BDE6E-AEA5-3AD4-992E-9451EBCFD77C} = {D37BDE6E-AEA5-3AD4-992E-9451EBCFD77C}
		{82F685C4-A3F3-37F2-AB9D-46F17F406179} = {82F685C4-A3F3-37F2-AB9D-46F17F406179}
		{744308A7-FE3A-3904-926D-BCB3CDEDD62F} = {744308A7-FE3A-3904-926D-BCB3CDEDD62F}
		{BC6B05E3-95FC-334B-8B35-144DD70C1E4B} = {BC6B05E3-95FC-334B-8B35-144DD70C1E4B}
		{B040D308-F609-3371-8413-AC21BC6A498B} = {B040D308-F609-3371-8413-AC21BC6A498B}
		{7B5120D5-B1C0-3D6A-A64E-FF33B00BD1BF} = {7B5120D5-B1C0-3D6A-A64E-FF33B00BD1BF}
		{04F27035-3E08-3A6C-A9D0-9BCEDEC7D530} = {04F27035-3E08-3A6C-A9D0-9BCEDEC7D530}
		{D4EE6002-1C03-3B00-9699-B0234B8A72F3} = {D4EE6002-1C03-3B00-9699-B0234B8A72F3}
		{4A1721EB-64AB-390A-A8A3-86DE83397725} = {4A1721EB-64AB-390A-A8A3-86DE83397725}
	EndProjectSection
EndProject
Project("{8BC9CEB8-8B4A-11D0-8D11-00A0C91BC942}") = "GLEW_1130", "external\GLEW_1130.vcxproj", "{8D36724E-38C0-3E6A-8546-0B0CB59F664E}"
	ProjectSection(ProjectDependencies) = postProject
		{39517E77-8097-3D1D-925E-8F4EDC1485D3} = {39517E77-8097-3D1D-925E-8F4EDC1485D3}
	EndProjectSection
EndProject
Project("{8BC9CEB8-8B4A-11D0-8D11-00A0C91BC942}") = "INSTALL", "INSTALL.vcxproj", "{50DB83F5-A9CA-32FA-B6A0-8758873B3984}"
	ProjectSection(ProjectDependencies) = postProject
		{A6905CA9-26C9-3F7C-9F87-DF3ABD1CAD89} = {A6905CA9-26C9-3F7C-9F87-DF3ABD1CAD89}
		{39517E77-8097-3D1D-925E-8F4EDC1485D3} = {39517E77-8097-3D1D-925E-8F4EDC1485D3}
	EndProjectSection
EndProject
Project("{8BC9CEB8-8B4A-11D0-8D11-00A0C91BC942}") = "Lab01_Intro_to_c++", "Lab01_Intro_to_c++.vcxproj", "{609E04F3-B847-33DD-ADA3-3022651D8A0E}"
	ProjectSection(ProjectDependencies) = postProject
		{8D36724E-38C0-3E6A-8546-0B0CB59F664E} = {8D36724E-38C0-3E6A-8546-0B0CB59F664E}
		{39517E77-8097-3D1D-925E-8F4EDC1485D3} = {39517E77-8097-3D1D-925E-8F4EDC1485D3}
		{9445781D-83A7-3B96-9AB3-B82A24890A86} = {9445781D-83A7-3B96-9AB3-B82A24890A86}
	EndProjectSection
EndProject
Project("{8BC9CEB8-8B4A-11D0-8D11-00A0C91BC942}") = "Lab02_Basic_shapes", "Lab02_Basic_shapes.vcxproj", "{D509AD5F-F477-35F0-B25A-84C1274BEBF6}"
	ProjectSection(ProjectDependencies) = postProject
		{8D36724E-38C0-3E6A-8546-0B0CB59F664E} = {8D36724E-38C0-3E6A-8546-0B0CB59F664E}
		{39517E77-8097-3D1D-925E-8F4EDC1485D3} = {39517E77-8097-3D1D-925E-8F4EDC1485D3}
		{9445781D-83A7-3B96-9AB3-B82A24890A86} = {9445781D-83A7-3B96-9AB3-B82A24890A86}
	EndProjectSection
EndProject
Project("{8BC9CEB8-8B4A-11D0-8D11-00A0C91BC942}") = "Lab03_Textures", "Lab03_Textures.vcxproj", "{810DEEDD-0D71-3E67-A83C-06B5EFF4B50B}"
	ProjectSection(ProjectDependencies) = postProject
		{8D36724E-38C0-3E6A-8546-0B0CB59F664E} = {8D36724E-38C0-3E6A-8546-0B0CB59F664E}
		{39517E77-8097-3D1D-925E-8F4EDC1485D3} = {39517E77-8097-3D1D-925E-8F4EDC1485D3}
		{9445781D-83A7-3B96-9AB3-B82A24890A86} = {9445781D-83A7-3B96-9AB3-B82A24890A86}
	EndProjectSection
EndProject
Project("{8BC9CEB8-8B4A-11D0-8D11-00A0C91BC942}") = "Lab04_Vectors_and_matrices", "Lab04_Vectors_and_matrices.vcxproj", "{60FB3243-11E8-367F-81FF-8119DE6AD4F8}"
	ProjectSection(ProjectDependencies) = postProject
		{8D36724E-38C0-3E6A-8546-0B0CB59F664E} = {8D36724E-38C0-3E6A-8546-0B0CB59F664E}
		{39517E77-8097-3D1D-925E-8F4EDC1485D3} = {39517E77-8097-3D1D-925E-8F4EDC1485D3}
		{9445781D-83A7-3B96-9AB3-B82A24890A86} = {9445781D-83A7-3B96-9AB3-B82A24890A86}
	EndProjectSection
EndProject
Project("{8BC9CEB8-8B4A-11D0-8D11-00A0C91BC942}") = "Lab05_Transformations", "Lab05_Transformations.vcxproj", "{D2C43146-FDB3-3EC8-8394-DAC8D5BA2671}"
	ProjectSection(ProjectDependencies) = postProject
		{8D36724E-38C0-3E6A-8546-0B0CB59F664E} = {8D36724E-38C0-3E6A-8546-0B0CB59F664E}
		{39517E77-8097-3D1D-925E-8F4EDC1485D3} = {39517E77-8097-3D1D-925E-8F4EDC1485D3}
		{9445781D-83A7-3B96-9AB3-B82A24890A86} = {9445781D-83A7-3B96-9AB3-B82A24890A86}
	EndProjectSection
EndProject
Project("{8BC9CEB8-8B4A-11D0-8D11-00A0C91BC942}") = "Lab06_3D_worlds", "Lab06_3D_worlds.vcxproj", "{079ACE4D-3C7A-3AA8-A0C6-547826B12F64}"
	ProjectSection(ProjectDependencies) = postProject
		{8D36724E-38C0-3E6A-8546-0B0CB59F664E} = {8D36724E-38C0-3E6A-8546-0B0CB59F664E}
		{39517E77-8097-3D1D-925E-8F4EDC1485D3} = {39517E77-8097-3D1D-925E-8F4EDC1485D3}
		{9445781D-83A7-3B96-9AB3-B82A24890A86} = {9445781D-83A7-3B96-9AB3-B82A24890A86}
	EndProjectSection
EndProject
Project("{8BC9CEB8-8B4A-11D0-8D11-00A0C91BC942}") = "Lab07_Moving_the_camera", "Lab07_Moving_the_camera.vcxproj", "{ABB344B4-FDAF-38A0-947F-36ACFC00D50D}"
	ProjectSection(ProjectDependencies) = postProject
		{8D36724E-38C0-3E6A-8546-0B0CB59F664E} = {8D36724E-38C0-3E6A-8546-0B0CB59F664E}
		{39517E77-8097-3D1D-925E-8F4EDC1485D3} = {39517E77-8097-3D1D-925E-8F4EDC1485D3}
		{9445781D-83A7-3B96-9AB3-B82A24890A86} = {9445781D-83A7-3B96-9AB3-B82A24890A86}
	EndProjectSection
EndProject
Project("{8BC9CEB8-8B4A-11D0-8D11-00A0C91BC942}") = "Lab08_Lighting", "Lab08_Lighting.vcxproj", "{8976EE25-0557-3C83-85F0-F9205BD32D7B}"
	ProjectSection(ProjectDependencies) = postProject
		{8D36724E-38C0-3E6A-8546-0B0CB59F664E} = {8D36724E-38C0-3E6A-8546-0B0CB59F664E}
		{39517E77-8097-3D1D-925E-8F4EDC1485D3} = {39517E77-8097-3D1D-925E-8F4EDC1485D3}
		{9445781D-83A7-3B96-9AB3-B82A24890A86} = {9445781D-83A7-3B96-9AB3-B82A24890A86}
	EndProjectSection
EndProject
Project("{8BC9CEB8-8B4A-11D0-8D11-00A0C91BC942}") = "Lab09_Normal_maps", "Lab09_Normal_maps.vcxproj", "{07521885-357C-3BFF-8642-DDF867C66DDA}"
	ProjectSection(ProjectDependencies) = postProject
		{8D36724E-38C0-3E6A-8546-0B0CB59F664E} = {8D36724E-38C0-3E6A-8546-0B0CB59F664E}
		{39517E77-8097-3D1D-925E-8F4EDC1485D3} = {39517E77-8097-3D1D-925E-8F4EDC1485D3}
		{9445781D-83A7-3B96-9AB3-B82A24890A86} = {9445781D-83A7-3B96-9AB3-B82A24890A86}
	EndProjectSection
EndProject
Project("{8BC9CEB8-8B4A-11D0-8D11-00A0C91BC942}") = "Lab10_Quaternions", "Lab10_Quaternions.vcxproj", "{13D59877-6CE5-39B9-A7C1-7E7977D3B1CC}"
	ProjectSection(ProjectDependencies) = postProject
		{8D36724E-38C0-3E6A-8546-0B0CB59F664E} = {8D36724E-38C0-3E6A-8546-0B0CB59F664E}
		{39517E77-8097-3D1D-925E-8F4EDC1485D3} = {39517E77-8097-3D1D-925E-8F4EDC1485D3}
		{9445781D-83A7-3B96-9AB3-B82A24890A86} = {9445781D-83A7-3B96-9AB3-B82A24890A86}
	EndProjectSection
EndProject
Project("{8BC9CEB8-8B4A-11D0-8D11-00A0C91BC942}") = "ZERO_CHECK", "ZERO_CHECK.vcxproj", "{39517E77-8097-3D1D-925E-8F4EDC1485D3}"
	ProjectSection(ProjectDependencies) = postProject
	EndProjectSection
EndProject
Project("{8BC9CEB8-8B4A-11D0-8D11-00A0C91BC942}") = "boing", "external\glfw-3.1.2\examples\boing.vcxproj", "{F2373260-C6FE-38BF-BDD7-EFA7F6D971F4}"
	ProjectSection(ProjectDependencies) = postProject
		{39517E77-8097-3D1D-925E-8F4EDC1485D3} = {39517E77-8097-3D1D-925E-8F4EDC1485D3}
		{9445781D-83A7-3B96-9AB3-B82A24890A86} = {9445781D-83A7-3B96-9AB3-B82A24890A86}
	EndProjectSection
EndProject
Project("{8BC9CEB8-8B4A-11D0-8D11-00A0C91BC942}") = "clipboard", "external\glfw-3.1.2\tests\clipboard.vcxproj", "{79E26050-A5D8-339A-8890-E8B4903088E0}"
	ProjectSection(ProjectDependencies) = postProject
		{39517E77-8097-3D1D-925E-8F4EDC1485D3} = {39517E77-8097-3D1D-925E-8F4EDC1485D3}
		{9445781D-83A7-3B96-9AB3-B82A24890A86} = {9445781D-83A7-3B96-9AB3-B82A24890A86}
	EndProjectSection
EndProject
Project("{8BC9CEB8-8B4A-11D0-8D11-00A0C91BC942}") = "cursor", "external\glfw-3.1.2\tests\cursor.vcxproj", "{82F40C97-87BB-3F62-967B-4F2FA9F45EB4}"
	ProjectSection(ProjectDependencies) = postProject
		{39517E77-8097-3D1D-925E-8F4EDC1485D3} = {39517E77-8097-3D1D-925E-8F4EDC1485D3}
		{9445781D-83A7-3B96-9AB3-B82A24890A86} = {9445781D-83A7-3B96-9AB3-B82A24890A86}
	EndProjectSection
EndProject
Project("{8BC9CEB8-8B4A-11D0-8D11-00A0C91BC942}") = "empty", "external\glfw-3.1.2\tests\empty.vcxproj", "{029D926B-2639-3A5B-A53A-7B48DDAED5A7}"
	ProjectSection(ProjectDependencies) = postProject
		{39517E77-8097-3D1D-925E-8F4EDC1485D3} = {39517E77-8097-3D1D-925E-8F4EDC1485D3}
		{9445781D-83A7-3B96-9AB3-B82A24890A86} = {9445781D-83A7-3B96-9AB3-B82A24890A86}
	EndProjectSection
EndProject
Project("{8BC9CEB8-8B4A-11D0-8D11-00A0C91BC942}") = "events", "external\glfw-3.1.2\tests\events.vcxproj", "{ACE6E0C0-702F-3EDC-B20F-92850621CBB1}"
	ProjectSection(ProjectDependencies) = postProject
		{39517E77-8097-3D1D-925E-8F4EDC1485D3} = {39517E77-8097-3D1D-925E-8F4EDC1485D3}
		{9445781D-83A7-3B96-9AB3-B82A24890A86} = {9445781D-83A7-3B96-9AB3-B82A24890A86}
	EndProjectSection
EndProject
Project("{8BC9CEB8-8B4A-11D0-8D11-00A0C91BC942}") = "gamma", "external\glfw-3.1.2\tests\gamma.vcxproj", "{EA79FFF0-11BB-3334-AC7F-D539AF4161F8}"
	ProjectSection(ProjectDependencies) = postProject
		{39517E77-8097-3D1D-925E-8F4EDC1485D3} = {39517E77-8097-3D1D-925E-8F4EDC1485D3}
		{9445781D-83A7-3B96-9AB3-B82A24890A86} = {9445781D-83A7-3B96-9AB3-B82A24890A86}
	EndProjectSection
EndProject
Project("{8BC9CEB8-8B4A-11D0-8D11-00A0C91BC942}") = "gears", "external\glfw-3.1.2\examples\gears.vcxproj", "{9D6CD3A0-EB87-3AC0-8F1A-0C4B1B994075}"
	ProjectSection(ProjectDependencies) = postProject
		{39517E77-8097-3D1D-925E-8F4EDC1485D3} = {39517E77-8097-3D1D-925E-8F4EDC1485D3}
		{9445781D-83A7-3B96-9AB3-B82A24890A86} = {9445781D-83A7-3B96-9AB3-B82A24890A86}
	EndProjectSection
EndProject
Project("{8BC9CEB8-8B4A-11D0-8D11-00A0C91BC942}") = "glfw", "external\glfw-3.1.2\src\glfw.vcxproj", "{9445781D-83A7-3B96-9AB3-B82A24890A86}"
	ProjectSection(ProjectDependencies) = postProject
		{39517E77-8097-3D1D-925E-8F4EDC1485D3} = {39517E77-8097-3D1D-925E-8F4EDC1485D3}
	EndProjectSection
EndProject
Project("{8BC9CEB8-8B4A-11D0-8D11-00A0C91BC942}") = "glfwinfo", "external\glfw-3.1.2\tests\glfwinfo.vcxproj", "{6E930B3C-69EA-3A9B-A260-3B1B966C09E2}"
	ProjectSection(ProjectDependencies) = postProject
		{39517E77-8097-3D1D-925E-8F4EDC1485D3} = {39517E77-8097-3D1D-925E-8F4EDC1485D3}
		{9445781D-83A7-3B96-9AB3-B82A24890A86} = {9445781D-83A7-3B96-9AB3-B82A24890A86}
	EndProjectSection
EndProject
Project("{8BC9CEB8-8B4A-11D0-8D11-00A0C91BC942}") = "heightmap", "external\glfw-3.1.2\examples\heightmap.vcxproj", "{78B206C8-E350-394F-B847-483BCF24C948}"
	ProjectSection(ProjectDependencies) = postProject
		{39517E77-8097-3D1D-925E-8F4EDC1485D3} = {39517E77-8097-3D1D-925E-8F4EDC1485D3}
		{9445781D-83A7-3B96-9AB3-B82A24890A86} = {9445781D-83A7-3B96-9AB3-B82A24890A86}
	EndProjectSection
EndProject
Project("{8BC9CEB8-8B4A-11D0-8D11-00A0C91BC942}") = "iconify", "external\glfw-3.1.2\tests\iconify.vcxproj", "{C47536EE-FFF5-3806-A339-3A40C4A55ADD}"
	ProjectSection(ProjectDependencies) = postProject
		{39517E77-8097-3D1D-925E-8F4EDC1485D3} = {39517E77-8097-3D1D-925E-8F4EDC1485D3}
		{9445781D-83A7-3B96-9AB3-B82A24890A86} = {9445781D-83A7-3B96-9AB3-B82A24890A86}
	EndProjectSection
EndProject
Project("{8BC9CEB8-8B4A-11D0-8D11-00A0C91BC942}") = "joysticks", "external\glfw-3.1.2\tests\joysticks.vcxproj", "{6B32A3D0-1C6D-3832-899C-1DB70549D5A4}"
	ProjectSection(ProjectDependencies) = postProject
		{39517E77-8097-3D1D-925E-8F4EDC1485D3} = {39517E77-8097-3D1D-925E-8F4EDC1485D3}
		{9445781D-83A7-3B96-9AB3-B82A24890A86} = {9445781D-83A7-3B96-9AB3-B82A24890A86}
	EndProjectSection
EndProject
Project("{8BC9CEB8-8B4A-11D0-8D11-00A0C91BC942}") = "monitors", "external\glfw-3.1.2\tests\monitors.vcxproj", "{6C1409D2-9C4A-31E0-A42B-C0787AA05FA6}"
	ProjectSection(ProjectDependencies) = postProject
		{39517E77-8097-3D1D-925E-8F4EDC1485D3} = {39517E77-8097-3D1D-925E-8F4EDC1485D3}
		{9445781D-83A7-3B96-9AB3-B82A24890A86} = {9445781D-83A7-3B96-9AB3-B82A24890A86}
	EndProjectSection
EndProject
Project("{8BC9CEB8-8B4A-11D0-8D11-00A0C91BC942}") = "msaa", "external\glfw-3.1.2\tests\msaa.vcxproj", "{FA861206-AAD5-3182-8BB7-F962AD467144}"
	ProjectSection(ProjectDependencies) = postProject
		{39517E77-8097-3D1D-925E-8F4EDC1485D3} = {39517E77-8097-3D1D-925E-8F4EDC1485D3}
		{9445781D-83A7-3B96-9AB3-B82A24890A86} = {9445781D-83A7-3B96-9AB3-B82A24890A86}
	EndProjectSection
EndProject
Project("{8BC9CEB8-8B4A-11D0-8D11-00A0C91BC942}") = "particles", "external\glfw-3.1.2\examples\particles.vcxproj", "{17779373-57EF-38A6-9DEE-3219ECF9867A}"
	ProjectSection(ProjectDependencies) = postProject
		{39517E77-8097-3D1D-925E-8F4EDC1485D3} = {39517E77-8097-3D1D-925E-8F4EDC1485D3}
		{9445781D-83A7-3B96-9AB3-B82A24890A86} = {9445781D-83A7-3B96-9AB3-B82A24890A86}
	EndProjectSection
EndProject
Project("{8BC9CEB8-8B4A-11D0-8D11-00A0C91BC942}") = "reopen", "external\glfw-3.1.2\tests\reopen.vcxproj", "{D37BDE6E-AEA5-3AD4-992E-9451EBCFD77C}"
	ProjectSection(ProjectDependencies) = postProject
		{39517E77-8097-3D1D-925E-8F4EDC1485D3} = {39517E77-8097-3D1D-925E-8F4EDC1485D3}
		{9445781D-83A7-3B96-9AB3-B82A24890A86} = {9445781D-83A7-3B96-9AB3-B82A24890A86}
	EndProjectSection
EndProject
Project("{8BC9CEB8-8B4A-11D0-8D11-00A0C91BC942}") = "sharing", "external\glfw-3.1.2\tests\sharing.vcxproj", "{82F685C4-A3F3-37F2-AB9D-46F17F406179}"
	ProjectSection(ProjectDependencies) = postProject
		{39517E77-8097-3D1D-925E-8F4EDC1485D3} = {39517E77-8097-3D1D-925E-8F4EDC1485D3}
		{9445781D-83A7-3B96-9AB3-B82A24890A86} = {9445781D-83A7-3B96-9AB3-B82A24890A86}
	EndProjectSection
EndProject
Project("{8BC9CEB8-8B4A-11D0-8D11-00A0C91BC942}") = "simple", "external\glfw-3.1.2\examples\simple.vcxproj", "{744308A7-FE3A-3904-926D-BCB3CDEDD62F}"
	ProjectSection(ProjectDependencies) = postProject
		{39517E77-8097-3D1D-925E-8F4EDC1485D3} = {39517E77-8097-3D1D-925E-8F4EDC1485D3}
		{9445781D-83A7-3B96-9AB3-B82A24890A86} = {9445781D-83A7-3B96-9AB3-B82A24890A86}
	EndProjectSection
EndProject
Project("{8BC9CEB8-8B4A-11D0-8D11-00A0C91BC942}") = "splitview", "external\glfw-3.1.2\examples\splitview.vcxproj", "{BC6B05E3-95FC-334B-8B35-144DD70C1E4B}"
	ProjectSection(ProjectDependencies) = postProject
		{39517E77-8097-3D1D-925E-8F4EDC1485D3} = {39517E77-8097-3D1D-925E-8F4EDC1485D3}
		{9445781D-83A7-3B96-9AB3-B82A24890A86} = {9445781D-83A7-3B96-9AB3-B82A24890A86}
	EndProjectSection
EndProject
Project("{8BC9CEB8-8B4A-11D0-8D11-00A0C91BC942}") = "tearing", "external\glfw-3.1.2\tests\tearing.vcxproj", "{B040D308-F609-3371-8413-AC21BC6A498B}"
	ProjectSection(ProjectDependencies) = postProject
		{39517E77-8097-3D1D-925E-8F4EDC1485D3} = {39517E77-8097-3D1D-925E-8F4EDC1485D3}
		{9445781D-83A7-3B96-9AB3-B82A24890A86} = {9445781D-83A7-3B96-9AB3-B82A24890A86}
	EndProjectSection
EndProject
Project("{8BC9CEB8-8B4A-11D0-8D11-00A0C91BC942}") = "threads", "external\glfw-3.1.2\tests\threads.vcxproj", "{7B5120D5-B1C0-3D6A-A64E-FF33B00BD1BF}"
	ProjectSection(ProjectDependencies) = postProject
		{39517E77-8097-3D1D-925E-8F4EDC1485D3} = {39517E77-8097-3D1D-925E-8F4EDC1485D3}
		{9445781D-83A7-3B96-9AB3-B82A24890A86} = {9445781D-83A7-3B96-9AB3-B82A24890A86}
	EndProjectSection
EndProject
Project("{8BC9CEB8-8B4A-11D0-8D11-00A0C91BC942}") = "title", "external\glfw-3.1.2\tests\title.vcxproj", "{04F27035-3E08-3A6C-A9D0-9BCEDEC7D530}"
	ProjectSection(ProjectDependencies) = postProject
		{39517E77-8097-3D1D-925E-8F4EDC1485D3} = {39517E77-8097-3D1D-925E-8F4EDC1485D3}
		{9445781D-83A7-3B96-9AB3-B82A24890A86} = {9445781D-83A7-3B96-9AB3-B82A24890A86}
	EndProjectSection
EndProject
Project("{8BC9CEB8-8B4A-11D0-8D11-00A0C91BC942}") = "uninstall", "external\glfw-3.1.2\uninstall.vcxproj", "{9C6CA820-F2DD-3547-AE44-CD63C0A7F4D6}"
	ProjectSection(ProjectDependencies) = postProject
		{39517E77-8097-3D1D-925E-8F4EDC1485D3} = {39517E77-8097-3D1D-925E-8F4EDC1485D3}
	EndProjectSection
EndProject
Project("{8BC9CEB8-8B4A-11D0-8D11-00A0C91BC942}") = "wave", "external\glfw-3.1.2\examples\wave.vcxproj", "{D4EE6002-1C03-3B00-9699-B0234B8A72F3}"
	ProjectSection(ProjectDependencies) = postProject
		{39517E77-8097-3D1D-925E-8F4EDC1485D3} = {39517E77-8097-3D1D-925E-8F4EDC1485D3}
		{9445781D-83A7-3B96-9AB3-B82A24890A86} = {9445781D-83A7-3B96-9AB3-B82A24890A86}
	EndProjectSection
EndProject
Project("{8BC9CEB8-8B4A-11D0-8D11-00A0C91BC942}") = "windows", "external\glfw-3.1.2\tests\windows.vcxproj", "{4A1721EB-64AB-390A-A8A3-86DE83397725}"
	ProjectSection(ProjectDependencies) = postProject
		{39517E77-8097-3D1D-925E-8F4EDC1485D3} = {39517E77-8097-3D1D-925E-8F4EDC1485D3}
		{9445781D-83A7-3B96-9AB3-B82A24890A86} = {9445781D-83A7-3B96-9AB3-B82A24890A86}
	EndProjectSection
EndProject
Global
	GlobalSection(SolutionConfigurationPlatforms) = preSolution
		Debug|x64 = Debug|x64
		Release|x64 = Release|x64
		MinSizeRel|x64 = MinSizeRel|x64
		RelWithDebInfo|x64 = RelWithDebInfo|x64
	EndGlobalSection
	GlobalSection(ProjectConfigurationPlatforms) = postSolution
		{A6905CA9-26C9-3F7C-9F87-DF3ABD1CAD89}.Debug|x64.ActiveCfg = Debug|x64
		{A6905CA9-26C9-3F7C-9F87-DF3ABD1CAD89}.Debug|x64.Build.0 = Debug|x64
		{A6905CA9-26C9-3F7C-9F87-DF3ABD1CAD89}.Release|x64.ActiveCfg = Release|x64
		{A6905CA9-26C9-3F7C-9F87-DF3ABD1CAD89}.Release|x64.Build.0 = Release|x64
		{A6905CA9-26C9-3F7C-9F87-DF3ABD1CAD89}.MinSizeRel|x64.ActiveCfg = MinSizeRel|x64
		{A6905CA9-26C9-3F7C-9F87-DF3ABD1CAD89}.MinSizeRel|x64.Build.0 = MinSizeRel|x64
		{A6905CA9-26C9-3F7C-9F87-DF3ABD1CAD89}.RelWithDebInfo|x64.ActiveCfg = RelWithDebInfo|x64
		{A6905CA9-26C9-3F7C-9F87-DF3ABD1CAD89}.RelWithDebInfo|x64.Build.0 = RelWithDebInfo|x64
		{8D36724E-38C0-3E6A-8546-0B0CB59F664E}.Debug|x64.ActiveCfg = Debug|x64
		{8D36724E-38C0-3E6A-8546-0B0CB59F664E}.Debug|x64.Build.0 = Debug|x64
		{8D36724E-38C0-3E6A-8546-0B0CB59F664E}.Release|x64.ActiveCfg = Release|x64
		{8D36724E-38C0-3E6A-8546-0B0CB59F664E}.Release|x64.Build.0 = Release|x64
		{8D36724E-38C0-3E6A-8546-0B0CB59F664E}.MinSizeRel|x64.ActiveCfg = MinSizeRel|x64
		{8D36724E-38C0-3E6A-8546-0B0CB59F664E}.MinSizeRel|x64.Build.0 = MinSizeRel|x64
		{8D36724E-38C0-3E6A-8546-0B0CB59F664E}.RelWithDebInfo|x64.ActiveCfg = RelWithDebInfo|x64
		{8D36724E-38C0-3E6A-8546-0B0CB59F664E}.RelWithDebInfo|x64.Build.0 = RelWithDebInfo|x64
		{50DB83F5-A9CA-32FA-B6A0-8758873B3984}.Debug|x64.ActiveCfg = Debug|x64
		{50DB83F5-A9CA-32FA-B6A0-8758873B3984}.Release|x64.ActiveCfg = Release|x64
		{50DB83F5-A9CA-32FA-B6A0-8758873B3984}.MinSizeRel|x64.ActiveCfg = MinSizeRel|x64
		{50DB83F5-A9CA-32FA-B6A0-8758873B3984}.RelWithDebInfo|x64.ActiveCfg = RelWithDebInfo|x64
		{609E04F3-B847-33DD-ADA3-3022651D8A0E}.Debug|x64.ActiveCfg = Debug|x64
		{609E04F3-B847-33DD-ADA3-3022651D8A0E}.Debug|x64.Build.0 = Debug|x64
		{609E04F3-B847-33DD-ADA3-3022651D8A0E}.Release|x64.ActiveCfg = Release|x64
		{609E04F3-B847-33DD-ADA3-3022651D8A0E}.Release|x64.Build.0 = Release|x64
		{609E04F3-B847-33DD-ADA3-3022651D8A0E}.MinSizeRel|x64.ActiveCfg = MinSizeRel|x64
		{609E04F3-B847-33DD-ADA3-3022651D8A0E}.MinSizeRel|x64.Build.0 = MinSizeRel|x64
		{609E04F3-B847-33DD-ADA3-3022651D8A0E}.RelWithDebInfo|x64.ActiveCfg = RelWithDebInfo|x64
		{609E04F3-B847-33DD-ADA3-3022651D8A0E}.RelWithDebInfo|x64.Build.0 = RelWithDebInfo|x64
		{D509AD5F-F477-35F0-B25A-84C1274BEBF6}.Debug|x64.ActiveCfg = Debug|x64
		{D509AD5F-F477-35F0-B25A-84C1274BEBF6}.Debug|x64.Build.0 = Debug|x64
		{D509AD5F-F477-35F0-B25A-84C1274BEBF6}.Release|x64.ActiveCfg = Release|x64
		{D509AD5F-F477-35F0-B25A-84C1274BEBF6}.Release|x64.Build.0 = Release|x64
		{D509AD5F-F477-35F0-B25A-84C1274BEBF6}.MinSizeRel|x64.ActiveCfg = MinSizeRel|x64
		{D509AD5F-F477-35F0-B25A-84C1274BEBF6}.MinSizeRel|x64.Build.0 = MinSizeRel|x64
		{D509AD5F-F477-35F0-B25A-84C1274BEBF6}.RelWithDebInfo|x64.ActiveCfg = RelWithDebInfo|x64
		{D509AD5F-F477-35F0-B25A-84C1274BEBF6}.RelWithDebInfo|x64.Build.0 = RelWithDebInfo|x64
		{810DEEDD-0D71-3E67-A83C-06B5EFF4B50B}.Debug|x64.ActiveCfg = Debug|x64
		{810DEEDD-0D71-3E67-A83C-06B5EFF4B50B}.Debug|x64.Build.0 = Debug|x64
		{810DEEDD-0D71-3E67-A83C-06B5EFF4B50B}.Release|x64.ActiveCfg = Release|x64
		{810DEEDD-0D71-3E67-A83C-06B5EFF4B50B}.Release|x64.Build.0 = Release|x64
		{810DEEDD-0D71-3E67-A83C-06B5EFF4B50B}.MinSizeRel|x64.ActiveCfg = MinSizeRel|x64
		{810DEEDD-0D71-3E67-A83C-06B5EFF4B50B}.MinSizeRel|x64.Build.0 = MinSizeRel|x64
		{810DEEDD-0D71-3E67-A83C-06B5EFF4B50B}.RelWithDebInfo|x64.ActiveCfg = RelWithDebInfo|x64
		{810DEEDD-0D71-3E67-A83C-06B5EFF4B50B}.RelWithDebInfo|x64.Build.0 = RelWithDebInfo|x64
		{60FB3243-11E8-367F-81FF-8119DE6AD4F8}.Debug|x64.ActiveCfg = Debug|x64
		{60FB3243-11E8-367F-81FF-8119DE6AD4F8}.Debug|x64.Build.0 = Debug|x64
		{60FB3243-11E8-367F-81FF-8119DE6AD4F8}.Release|x64.ActiveCfg = Release|x64
		{60FB3243-11E8-367F-81FF-8119DE6AD4F8}.Release|x64.Build.0 = Release|x64
		{60FB3243-11E8-367F-81FF-8119DE6AD4F8}.MinSizeRel|x64.ActiveCfg = MinSizeRel|x64
		{60FB3243-11E8-367F-81FF-8119DE6AD4F8}.MinSizeRel|x64.Build.0 = MinSizeRel|x64
		{60FB3243-11E8-367F-81FF-8119DE6AD4F8}.RelWithDebInfo|x64.ActiveCfg = RelWithDebInfo|x64
		{60FB3243-11E8-367F-81FF-8119DE6AD4F8}.RelWithDebInfo|x64.Build.0 = RelWithDebInfo|x64
		{D2C43146-FDB3-3EC8-8394-DAC8D5BA2671}.Debug|x64.ActiveCfg = Debug|x64
		{D2C43146-FDB3-3EC8-8394-DAC8D5BA2671}.Debug|x64.Build.0 = Debug|x64
		{D2C43146-FDB3-3EC8-8394-DAC8D5BA2671}.Release|x64.ActiveCfg = Release|x64
		{D2C43146-FDB3-3EC8-8394-DAC8D5BA2671}.Release|x64.Build.0 = Release|x64
		{D2C43146-FDB3-3EC8-8394-DAC8D5BA2671}.MinSizeRel|x64.ActiveCfg = MinSizeRel|x64
		{D2C43146-FDB3-3EC8-8394-DAC8D5BA2671}.MinSizeRel|x64.Build.0 = MinSizeRel|x64
		{D2C43146-FDB3-3EC8-8394-DAC8D5BA2671}.RelWithDebInfo|x64.ActiveCfg = RelWithDebInfo|x64
		{D2C43146-FDB3-3EC8-8394-DAC8D5BA2671}.RelWithDebInfo|x64.Build.0 = RelWithDebInfo|x64
		{079ACE4D-3C7A-3AA8-A0C6-547826B12F64}.Debug|x64.ActiveCfg = Debug|x64
		{079ACE4D-3C7A-3AA8-A0C6-547826B12F64}.Debug|x64.Build.0 = Debug|x64
		{079ACE4D-3C7A-3AA8-A0C6-547826B12F64}.Release|x64.ActiveCfg = Release|x64
		{079ACE4D-3C7A-3AA8-A0C6-547826B12F64}.Release|x64.Build.0 = Release|x64
		{079ACE4D-3C7A-3AA8-A0C6-547826B12F64}.MinSizeRel|x64.ActiveCfg = MinSizeRel|x64
		{079ACE4D-3C7A-3AA8-A0C6-547826B12F64}.MinSizeRel|x64.Build.0 = MinSizeRel|x64
		{079ACE4D-3C7A-3AA8-A0C6-547826B12F64}.RelWithDebInfo|x64.ActiveCfg = RelWithDebInfo|x64
		{079ACE4D-3C7A-3AA8-A0C6-547826B12F64}.RelWithDebInfo|x64.Build.0 = RelWithDebInfo|x64
		{ABB344B4-FDAF-38A0-947F-36ACFC00D50D}.Debug|x64.ActiveCfg = Debug|x64
		{ABB344B4-FDAF-38A0-947F-36ACFC00D50D}.Debug|x64.Build.0 = Debug|x64
		{ABB344B4-FDAF-38A0-947F-36ACFC00D50D}.Release|x64.ActiveCfg = Release|x64
		{ABB344B4-FDAF-38A0-947F-36ACFC00D50D}.Release|x64.Build.0 = Release|x64
		{ABB344B4-FDAF-38A0-947F-36ACFC00D50D}.MinSizeRel|x64.ActiveCfg = MinSizeRel|x64
		{ABB344B4-FDAF-38A0-947F-36ACFC00D50D}.MinSizeRel|x64.Build.0 = MinSizeRel|x64
		{ABB344B4-FDAF-38A0-947F-36ACFC00D50D}.RelWithDebInfo|x64.ActiveCfg = RelWithDebInfo|x64
		{ABB344B4-FDAF-38A0-947F-36ACFC00D50D}.RelWithDebInfo|x64.Build.0 = RelWithDebInfo|x64
		{8976EE25-0557-3C83-85F0-F9205BD32D7B}.Debug|x64.ActiveCfg = Debug|x64
		{8976EE25-0557-3C83-85F0-F9205BD32D7B}.Debug|x64.Build.0 = Debug|x64
		{8976EE25-0557-3C83-85F0-F9205BD32D7B}.Release|x64.ActiveCfg = Release|x64
		{8976EE25-0557-3C83-85F0-F9205BD32D7B}.Release|x64.Build.0 = Release|x64
		{8976EE25-0557-3C83-85F0-F9205BD32D7B}.MinSizeRel|x64.ActiveCfg = MinSizeRel|x64
		{8976EE25-0557-3C83-85F0-F9205BD32D7B}.MinSizeRel|x64.Build.0 = MinSizeRel|x64
		{8976EE25-0557-3C83-85F0-F9205BD32D7B}.RelWithDebInfo|x64.ActiveCfg = RelWithDebInfo|x64
		{8976EE25-0557-3C83-85F0-F9205BD32D7B}.RelWithDebInfo|x64.Build.0 = RelWithDebInfo|x64
		{07521885-357C-3BFF-8642-DDF867C66DDA}.Debug|x64.ActiveCfg = Debug|x64
		{07521885-357C-3BFF-8642-DDF867C66DDA}.Debug|x64.Build.0 = Debug|x64
		{07521885-357C-3BFF-8642-DDF867C66DDA}.Release|x64.ActiveCfg = Release|x64
		{07521885-357C-3BFF-8642-DDF867C66DDA}.Release|x64.Build.0 = Release|x64
		{07521885-357C-3BFF-8642-DDF867C66DDA}.MinSizeRel|x64.ActiveCfg = MinSizeRel|x64
		{07521885-357C-3BFF-8642-DDF867C66DDA}.MinSizeRel|x64.Build.0 = MinSizeRel|x64
		{07521885-357C-3BFF-8642-DDF867C66DDA}.RelWithDebInfo|x64.ActiveCfg = RelWithDebInfo|x64
		{07521885-357C-3BFF-8642-DDF867C66DDA}.RelWithDebInfo|x64.Build.0 = RelWithDebInfo|x64
		{13D59877-6CE5-39B9-A7C1-7E7977D3B1CC}.Debug|x64.ActiveCfg = Debug|x64
		{13D59877-6CE5-39B9-A7C1-7E7977D3B1CC}.Debug|x64.Build.0 = Debug|x64
		{13D59877-6CE5-39B9-A7C1-7E7977D3B1CC}.Release|x64.ActiveCfg = Release|x64
		{13D59877-6CE5-39B9-A7C1-7E7977D3B1CC}.Release|x64.Build.0 = Release|x64
		{13D59877-6CE5-39B9-A7C1-7E7977D3B1CC}.MinSizeRel|x64.ActiveCfg = MinSizeRel|x64
		{13D59877-6CE5-39B9-A7C1-7E7977D3B1CC}.MinSizeRel|x64.Build.0 = MinSizeRel|x64
		{13D59877-6CE5-39B9-A7C1-7E7977D3B1CC}.RelWithDebInfo|x64.ActiveCfg = RelWithDebInfo|x64
		{13D59877-6CE5-39B9-A7C1-7E7977D3B1CC}.RelWithDebInfo|x64.Build.0 = RelWithDebInfo|x64
		{39517E77-8097-3D1D-925E-8F4EDC1485D3}.Debug|x64.ActiveCfg = Debug|x64
		{39517E77-8097-3D1D-925E-8F4EDC1485D3}.Debug|x64.Build.0 = Debug|x64
		{39517E77-8097-3D1D-925E-8F4EDC1485D3}.Release|x64.ActiveCfg = Release|x64
		{39517E77-8097-3D1D-925E-8F4EDC1485D3}.Release|x64.Build.0 = Release|x64
		{39517E77-8097-3D1D-925E-8F4EDC1485D3}.MinSizeRel|x64.ActiveCfg = MinSizeRel|x64
		{39517E77-8097-3D1D-925E-8F4EDC1485D3}.MinSizeRel|x64.Build.0 = MinSizeRel|x64
		{39517E77-8097-3D1D-925E-8F4EDC1485D3}.RelWithDebInfo|x64.ActiveCfg = RelWithDebInfo|x64
		{39517E77-8097-3D1D-925E-8F4EDC1485D3}.RelWithDebInfo|x64.Build.0 = RelWithDebInfo|x64
		{F2373260-C6FE-38BF-BDD7-EFA7F6D971F4}.Debug|x64.ActiveCfg = Debug|x64
		{F2373260-C6FE-38BF-BDD7-EFA7F6D971F4}.Debug|x64.Build.0 = Debug|x64
		{F2373260-C6FE-38BF-BDD7-EFA7F6D971F4}.Release|x64.ActiveCfg = Release|x64
		{F2373260-C6FE-38BF-BDD7-EFA7F6D971F4}.Release|x64.Build.0 = Release|x64
		{F2373260-C6FE-38BF-BDD7-EFA7F6D971F4}.MinSizeRel|x64.ActiveCfg = MinSizeRel|x64
		{F2373260-C6FE-38BF-BDD7-EFA7F6D971F4}.MinSizeRel|x64.Build.0 = MinSizeRel|x64
		{F2373260-C6FE-38BF-BDD7-EFA7F6D971F4}.RelWithDebInfo|x64.ActiveCfg = RelWithDebInfo|x64
		{F2373260-C6FE-38BF-BDD7-EFA7F6D971F4}.RelWithDebInfo|x64.Build.0 = RelWithDebInfo|x64
		{79E26050-A5D8-339A-8890-E8B4903088E0}.Debug|x64.ActiveCfg = Debug|x64
		{79E26050-A5D8-339A-8890-E8B4903088E0}.Debug|x64.Build.0 = Debug|x64
		{79E26050-A5D8-339A-8890-E8B4903088E0}.Release|x64.ActiveCfg = Release|x64
		{79E26050-A5D8-339A-8890-E8B4903088E0}.Release|x64.Build.0 = Release|x64
		{79E26050-A5D8-339A-8890-E8B4903088E0}.MinSizeRel|x64.ActiveCfg = MinSizeRel|x64
		{79E26050-A5D8-339A-8890-E8B4903088E0}.MinSizeRel|x64.Build.0 = MinSizeRel|x64
		{79E26050-A5D8-339A-8890-E8B4903088E0}.RelWithDebInfo|x64.ActiveCfg = RelWithDebInfo|x64
		{79E26050-A5D8-339A-8890-E8B4903088E0}.RelWithDebInfo|x64.Build.0 = RelWithDebInfo|x64
		{82F40C97-87BB-3F62-967B-4F2FA9F45EB4}.Debug|x64.ActiveCfg = Debug|x64
		{82F40C97-87BB-3F62-967B-4F2FA9F45EB4}.Debug|x64.Build.0 = Debug|x64
		{82F40C97-87BB-3F62-967B-4F2FA9F45EB4}.Release|x64.ActiveCfg = Release|x64
		{82F40C97-87BB-3F62-967B-4F2FA9F45EB4}.Release|x64.Build.0 = Release|x64
		{82F40C97-87BB-3F62-967B-4F2FA9F45EB4}.MinSizeRel|x64.ActiveCfg = MinSizeRel|x64
		{82F40C97-87BB-3F62-967B-4F2FA9F45EB4}.MinSizeRel|x64.Build.0 = MinSizeRel|x64
		{82F40C97-87BB-3F62-967B-4F2FA9F45EB4}.RelWithDebInfo|x64.ActiveCfg = RelWithDebInfo|x64
		{82F40C97-87BB-3F62-967B-4F2FA9F45EB4}.RelWithDebInfo|x64.Build.0 = RelWithDebInfo|x64
		{029D926B-2639-3A5B-A53A-7B48DDAED5A7}.Debug|x64.ActiveCfg = Debug|x64
		{029D926B-2639-3A5B-A53A-7B48DDAED5A7}.Debug|x64.Build.0 = Debug|x64
		{029D926B-2639-3A5B-A53A-7B48DDAED5A7}.Release|x64.ActiveCfg = Release|x64
		{029D926B-2639-3A5B-A53A-7B48DDAED5A7}.Release|x64.Build.0 = Release|x64
		{029D926B-2639-3A5B-A53A-7B48DDAED5A7}.MinSizeRel|x64.ActiveCfg = MinSizeRel|x64
		{029D926B-2639-3A5B-A53A-7B48DDAED5A7}.MinSizeRel|x64.Build.0 = MinSizeRel|x64
		{029D926B-2639-3A5B-A53A-7B48DDAED5A7}.RelWithDebInfo|x64.ActiveCfg = RelWithDebInfo|x64
		{029D926B-2639-3A5B-A53A-7B48DDAED5A7}.RelWithDebInfo|x64.Build.0 = RelWithDebInfo|x64
		{ACE6E0C0-702F-3EDC-B20F-92850621CBB1}.Debug|x64.ActiveCfg = Debug|x64
		{ACE6E0C0-702F-3EDC-B20F-92850621CBB1}.Debug|x64.Build.0 = Debug|x64
		{ACE6E0C0-702F-3EDC-B20F-92850621CBB1}.Release|x64.ActiveCfg = Release|x64
		{ACE6E0C0-702F-3EDC-B20F-92850621CBB1}.Release|x64.Build.0 = Release|x64
		{ACE6E0C0-702F-3EDC-B20F-92850621CBB1}.MinSizeRel|x64.ActiveCfg = MinSizeRel|x64
		{ACE6E0C0-702F-3EDC-B20F-92850621CBB1}.MinSizeRel|x64.Build.0 = MinSizeRel|x64
		{ACE6E0C0-702F-3EDC-B20F-92850621CBB1}.RelWithDebInfo|x64.ActiveCfg = RelWithDebInfo|x64
		{ACE6E0C0-702F-3EDC-B20F-92850621CBB1}.RelWithDebInfo|x64.Build.0 = RelWithDebInfo|x64
		{EA79FFF0-11BB-3334-AC7F-D539AF4161F8}.Debug|x64.ActiveCfg = Debug|x64
		{EA79FFF0-11BB-3334-AC7F-D539AF4161F8}.Debug|x64.Build.0 = Debug|x64
		{EA79FFF0-11BB-3334-AC7F-D539AF4161F8}.Release|x64.ActiveCfg = Release|x64
		{EA79FFF0-11BB-3334-AC7F-D539AF4161F8}.Release|x64.Build.0 = Release|x64
		{EA79FFF0-11BB-3334-AC7F-D539AF4161F8}.MinSizeRel|x64.ActiveCfg = MinSizeRel|x64
		{EA79FFF0-11BB-3334-AC7F-D539AF4161F8}.MinSizeRel|x64.Build.0 = MinSizeRel|x64
		{EA79FFF0-11BB-3334-AC7F-D539AF4161F8}.RelWithDebInfo|x64.ActiveCfg = RelWithDebInfo|x64
		{EA79FFF0-11BB-3334-AC7F-D539AF4161F8}.RelWithDebInfo|x64.Build.0 = RelWithDebInfo|x64
		{9D6CD3A0-EB87-3AC0-8F1A-0C4B1B994075}.Debug|x64.ActiveCfg = Debug|x64
		{9D6CD3A0-EB87-3AC0-8F1A-0C4B1B994075}.Debug|x64.Build.0 = Debug|x64
		{9D6CD3A0-EB87-3AC0-8F1A-0C4B1B994075}.Release|x64.ActiveCfg = Release|x64
		{9D6CD3A0-EB87-3AC0-8F1A-0C4B1B994075}.Release|x64.Build.0 = Release|x64
		{9D6CD3A0-EB87-3AC0-8F1A-0C4B1B994075}.MinSizeRel|x64.ActiveCfg = MinSizeRel|x64
		{9D6CD3A0-EB87-3AC0-8F1A-0C4B1B994075}.MinSizeRel|x64.Build.0 = MinSizeRel|x64
		{9D6CD3A0-EB87-3AC0-8F1A-0C4B1B994075}.RelWithDebInfo|x64.ActiveCfg = RelWithDebInfo|x64
		{9D6CD3A0-EB87-3AC0-8F1A-0C4B1B994075}.RelWithDebInfo|x64.Build.0 = RelWithDebInfo|x64
		{9445781D-83A7-3B96-9AB3-B82A24890A86}.Debug|x64.ActiveCfg = Debug|x64
		{9445781D-83A7-3B96-9AB3-B82A24890A86}.Debug|x64.Build.0 = Debug|x64
		{9445781D-83A7-3B96-9AB3-B82A24890A86}.Release|x64.ActiveCfg = Release|x64
		{9445781D-83A7-3B96-9AB3-B82A24890A86}.Release|x64.Build.0 = Release|x64
		{9445781D-83A7-3B96-9AB3-B82A24890A86}.MinSizeRel|x64.ActiveCfg = MinSizeRel|x64
		{9445781D-83A7-3B96-9AB3-B82A24890A86}.MinSizeRel|x64.Build.0 = MinSizeRel|x64
		{9445781D-83A7-3B96-9AB3-B82A24890A86}.RelWithDebInfo|x64.ActiveCfg = RelWithDebInfo|x64
		{9445781D-83A7-3B96-9AB3-B82A24890A86}.RelWithDebInfo|x64.Build.0 = RelWithDebInfo|x64
		{6E930B3C-69EA-3A9B-A260-3B1B966C09E2}.Debug|x64.ActiveCfg = Debug|x64
		{6E930B3C-69EA-3A9B-A260-3B1B966C09E2}.Debug|x64.Build.0 = Debug|x64
		{6E930B3C-69EA-3A9B-A260-3B1B966C09E2}.Release|x64.ActiveCfg = Release|x64
		{6E930B3C-69EA-3A9B-A260-3B1B966C09E2}.Release|x64.Build.0 = Release|x64
		{6E930B3C-69EA-3A9B-A260-3B1B966C09E2}.MinSizeRel|x64.ActiveCfg = MinSizeRel|x64
		{6E930B3C-69EA-3A9B-A260-3B1B966C09E2}.MinSizeRel|x64.Build.0 = MinSizeRel|x64
		{6E930B3C-69EA-3A9B-A260-3B1B966C09E2}.RelWithDebInfo|x64.ActiveCfg = RelWithDebInfo|x64
		{6E930B3C-69EA-3A9B-A260-3B1B966C09E2}.RelWithDebInfo|x64.Build.0 = RelWithDebInfo|x64
		{78B206C8-E350-394F-B847-483BCF24C948}.Debug|x64.ActiveCfg = Debug|x64
		{78B206C8-E350-394F-B847-483BCF24C948}.Debug|x64.Build.0 = Debug|x64
		{78B206C8-E350-394F-B847-483BCF24C948}.Release|x64.ActiveCfg = Release|x64
		{78B206C8-E350-394F-B847-483BCF24C948}.Release|x64.Build.0 = Release|x64
		{78B206C8-E350-394F-B847-483BCF24C948}.MinSizeRel|x64.ActiveCfg = MinSizeRel|x64
		{78B206C8-E350-394F-B847-483BCF24C948}.MinSizeRel|x64.Build.0 = MinSizeRel|x64
		{78B206C8-E350-394F-B847-483BCF24C948}.RelWithDebInfo|x64.ActiveCfg = RelWithDebInfo|x64
		{78B206C8-E350-394F-B847-483BCF24C948}.RelWithDebInfo|x64.Build.0 = RelWithDebInfo|x64
		{C47536EE-FFF5-3806-A339-3A40C4A55ADD}.Debug|x64.ActiveCfg = Debug|x64
		{C47536EE-FFF5-3806-A339-3A40C4A55ADD}.Debug|x64.Build.0 = Debug|x64
		{C47536EE-FFF5-3806-A339-3A40C4A55ADD}.Release|x64.ActiveCfg = Release|x64
		{C47536EE-FFF5-3806-A339-3A40C4A55ADD}.Release|x64.Build.0 = Release|x64
		{C47536EE-FFF5-3806-A339-3A40C4A55ADD}.MinSizeRel|x64.ActiveCfg = MinSizeRel|x64
		{C47536EE-FFF5-3806-A339-3A40C4A55ADD}.MinSizeRel|x64.Build.0 = MinSizeRel|x64
		{C47536EE-FFF5-3806-A339-3A40C4A55ADD}.RelWithDebInfo|x64.ActiveCfg = RelWithDebInfo|x64
		{C47536EE-FFF5-3806-A339-3A40C4A55ADD}.RelWithDebInfo|x64.Build.0 = RelWithDebInfo|x64
		{6B32A3D0-1C6D-3832-899C-1DB70549D5A4}.Debug|x64.ActiveCfg = Debug|x64
		{6B32A3D0-1C6D-3832-899C-1DB70549D5A4}.Debug|x64.Build.0 = Debug|x64
		{6B32A3D0-1C6D-3832-899C-1DB70549D5A4}.Release|x64.ActiveCfg = Release|x64
		{6B32A3D0-1C6D-3832-899C-1DB70549D5A4}.Release|x64.Build.0 = Release|x64
		{6B32A3D0-1C6D-3832-899C-1DB70549D5A4}.MinSizeRel|x64.ActiveCfg = MinSizeRel|x64
		{6B32A3D0-1C6D-3832-899C-1DB70549D5A4}.MinSizeRel|x64.Build.0 = MinSizeRel|x64
		{6B32A3D0-1C6D-3832-899C-1DB70549D5A4}.RelWithDebInfo|x64.ActiveCfg = RelWithDebInfo|x64
		{6B32A3D0-1C6D-3832-899C-1DB70549D5A4}.RelWithDebInfo|x64.Build.0 = RelWithDebInfo|x64
		{6C1409D2-9C4A-31E0-A42B-C0787AA05FA6}.Debug|x64.ActiveCfg = Debug|x64
		{6C1409D2-9C4A-31E0-A42B-C0787AA05FA6}.Debug|x64.Build.0 = Debug|x64
		{6C1409D2-9C4A-31E0-A42B-C0787AA05FA6}.Release|x64.ActiveCfg = Release|x64
		{6C1409D2-9C4A-31E0-A42B-C0787AA05FA6}.Release|x64.Build.0 = Release|x64
		{6C1409D2-9C4A-31E0-A42B-C0787AA05FA6}.MinSizeRel|x64.ActiveCfg = MinSizeRel|x64
		{6C1409D2-9C4A-31E0-A42B-C0787AA05FA6}.MinSizeRel|x64.Build.0 = MinSizeRel|x64
		{6C1409D2-9C4A-31E0-A42B-C0787AA05FA6}.RelWithDebInfo|x64.ActiveCfg = RelWithDebInfo|x64
		{6C1409D2-9C4A-31E0-A42B-C0787AA05FA6}.RelWithDebInfo|x64.Build.0 = RelWithDebInfo|x64
		{FA861206-AAD5-3182-8BB7-F962AD467144}.Debug|x64.ActiveCfg = Debug|x64
		{FA861206-AAD5-3182-8BB7-F962AD467144}.Debug|x64.Build.0 = Debug|x64
		{FA861206-AAD5-3182-8BB7-F962AD467144}.Release|x64.ActiveCfg = Release|x64
		{FA861206-AAD5-3182-8BB7-F962AD467144}.Release|x64.Build.0 = Release|x64
		{FA861206-AAD5-3182-8BB7-F962AD467144}.MinSizeRel|x64.ActiveCfg = MinSizeRel|x64
		{FA861206-AAD5-3182-8BB7-F962AD467144}.MinSizeRel|x64.Build.0 = MinSizeRel|x64
		{FA861206-AAD5-3182-8BB7-F962AD467144}.RelWithDebInfo|x64.ActiveCfg = RelWithDebInfo|x64
		{FA861206-AAD5-3182-8BB7-F962AD467144}.RelWithDebInfo|x64.Build.0 = RelWithDebInfo|x64
		{17779373-57EF-38A6-9DEE-3219ECF9867A}.Debug|x64.ActiveCfg = Debug|x64
		{17779373-57EF-38A6-9DEE-3219ECF9867A}.Debug|x64.Build.0 = Debug|x64
		{17779373-57EF-38A6-9DEE-3219ECF9867A}.Release|x64.ActiveCfg = Release|x64
		{17779373-57EF-38A6-9DEE-3219ECF9867A}.Release|x64.Build.0 = Release|x64
		{17779373-57EF-38A6-9DEE-3219ECF9867A}.MinSizeRel|x64.ActiveCfg = MinSizeRel|x64
		{17779373-57EF-38A6-9DEE-3219ECF9867A}.MinSizeRel|x64.Build.0 = MinSizeRel|x64
		{17779373-57EF-38A6-9DEE-3219ECF9867A}.RelWithDebInfo|x64.ActiveCfg = RelWithDebInfo|x64
		{17779373-57EF-38A6-9DEE-3219ECF9867A}.RelWithDebInfo|x64.Build.0 = RelWithDebInfo|x64
		{D37BDE6E-AEA5-3AD4-992E-9451EBCFD77C}.Debug|x64.ActiveCfg = Debug|x64
		{D37BDE6E-AEA5-3AD4-992E-9451EBCFD77C}.Debug|x64.Build.0 = Debug|x64
		{D37BDE6E-AEA5-3AD4-992E-9451EBCFD77C}.Release|x64.ActiveCfg = Release|x64
		{D37BDE6E-AEA5-3AD4-992E-9451EBCFD77C}.Release|x64.Build.0 = Release|x64
		{D37BDE6E-AEA5-3AD4-992E-9451EBCFD77C}.MinSizeRel|x64.ActiveCfg = MinSizeRel|x64
		{D37BDE6E-AEA5-3AD4-992E-9451EBCFD77C}.MinSizeRel|x64.Build.0 = MinSizeRel|x64
		{D37BDE6E-AEA5-3AD4-992E-9451EBCFD77C}.RelWithDebInfo|x64.ActiveCfg = RelWithDebInfo|x64
		{D37BDE6E-AEA5-3AD4-992E-9451EBCFD77C}.RelWithDebInfo|x64.Build.0 = RelWithDebInfo|x64
		{82F685C4-A3F3-37F2-AB9D-46F17F406179}.Debug|x64.ActiveCfg = Debug|x64
		{82F685C4-A3F3-37F2-AB9D-46F17F406179}.Debug|x64.Build.0 = Debug|x64
		{82F685C4-A3F3-37F2-AB9D-46F17F406179}.Release|x64.ActiveCfg = Release|x64
		{82F685C4-A3F3-37F2-AB9D-46F17F406179}.Release|x64.Build.0 = Release|x64
		{82F685C4-A3F3-37F2-AB9D-46F17F406179}.MinSizeRel|x64.ActiveCfg = MinSizeRel|x64
		{82F685C4-A3F3-37F2-AB9D-46F17F406179}.MinSizeRel|x64.Build.0 = MinSizeRel|x64
		{82F685C4-A3F3-37F2-AB9D-46F17F406179}.RelWithDebInfo|x64.ActiveCfg = RelWithDebInfo|x64
		{82F685C4-A3F3-37F2-AB9D-46F17F406179}.RelWithDebInfo|x64.Build.0 = RelWithDebInfo|x64
		{744308A7-FE3A-3904-926D-BCB3CDEDD62F}.Debug|x64.ActiveCfg = Debug|x64
		{744308A7-FE3A-3904-926D-BCB3CDEDD62F}.Debug|x64.Build.0 = Debug|x64
		{744308A7-FE3A-3904-926D-BCB3CDEDD62F}.Release|x64.ActiveCfg = Release|x64
		{744308A7-FE3A-3904-926D-BCB3CDEDD62F}.Release|x64.Build.0 = Release|x64
		{744308A7-FE3A-3904-926D-BCB3CDEDD62F}.MinSizeRel|x64.ActiveCfg = MinSizeRel|x64
		{744308A7-FE3A-3904-926D-BCB3CDEDD62F}.MinSizeRel|x64.Build.0 = MinSizeRel|x64
		{744308A7-FE3A-3904-926D-BCB3CDEDD62F}.RelWithDebInfo|x64.ActiveCfg = RelWithDebInfo|x64
		{744308A7-FE3A-3904-926D-BCB3CDEDD62F}.RelWithDebInfo|x64.Build.0 = RelWithDebInfo|x64
		{BC6B05E3-95FC-334B-8B35-144DD70C1E4B}.Debug|x64.ActiveCfg = Debug|x64
		{BC6B05E3-95FC-334B-8B35-144DD70C1E4B}.Debug|x64.Build.0 = Debug|x64
		{BC6B05E3-95FC-334B-8B35-144DD70C1E4B}.Release|x64.ActiveCfg = Release|x64
		{BC6B05E3-95FC-334B-8B35-144DD70C1E4B}.Release|x64.Build.0 = Release|x64
		{BC6B05E3-95FC-334B-8B35-144DD70C1E4B}.MinSizeRel|x64.ActiveCfg = MinSizeRel|x64
		{BC6B05E3-95FC-334B-8B35-144DD70C1E4B}.MinSizeRel|x64.Build.0 = MinSizeRel|x64
		{BC6B05E3-95FC-334B-8B35-144DD70C1E4B}.RelWithDebInfo|x64.ActiveCfg = RelWithDebInfo|x64
		{BC6B05E3-95FC-334B-8B35-144DD70C1E4B}.RelWithDebInfo|x64.Build.0 = RelWithDebInfo|x64
		{B040D308-F609-3371-8413-AC21BC6A498B}.Debug|x64.ActiveCfg = Debug|x64
		{B040D308-F609-3371-8413-AC21BC6A498B}.Debug|x64.Build.0 = Debug|x64
		{B040D308-F609-3371-8413-AC21BC6A498B}.Release|x64.ActiveCfg = Release|x64
		{B040D308-F609-3371-8413-AC21BC6A498B}.Release|x64.Build.0 = Release|x64
		{B040D308-F609-3371-8413-AC21BC6A498B}.MinSizeRel|x64.ActiveCfg = MinSizeRel|x64
		{B040D308-F609-3371-8413-AC21BC6A498B}.MinSizeRel|x64.Build.0 = MinSizeRel|x64
		{B040D308-F609-3371-8413-AC21BC6A498B}.RelWithDebInfo|x64.ActiveCfg = RelWithDebInfo|x64
		{B040D308-F609-3371-8413-AC21BC6A498B}.RelWithDebInfo|x64.Build.0 = RelWithDebInfo|x64
		{7B5120D5-B1C0-3D6A-A64E-FF33B00BD1BF}.Debug|x64.ActiveCfg = Debug|x64
		{7B5120D5-B1C0-3D6A-A64E-FF33B00BD1BF}.Debug|x64.Build.0 = Debug|x64
		{7B5120D5-B1C0-3D6A-A64E-FF33B00BD1BF}.Release|x64.ActiveCfg = Release|x64
		{7B5120D5-B1C0-3D6A-A64E-FF33B00BD1BF}.Release|x64.Build.0 = Release|x64
		{7B5120D5-B1C0-3D6A-A64E-FF33B00BD1BF}.MinSizeRel|x64.ActiveCfg = MinSizeRel|x64
		{7B5120D5-B1C0-3D6A-A64E-FF33B00BD1BF}.MinSizeRel|x64.Build.0 = MinSizeRel|x64
		{7B5120D5-B1C0-3D6A-A64E-FF33B00BD1BF}.RelWithDebInfo|x64.ActiveCfg = RelWithDebInfo|x64
		{7B5120D5-B1C0-3D6A-A64E-FF33B00BD1BF}.RelWithDebInfo|x64.Build.0 = RelWithDebInfo|x64
		{04F27035-3E08-3A6C-A9D0-9BCEDEC7D530}.Debug|x64.ActiveCfg = Debug|x64
		{04F27035-3E08-3A6C-A9D0-9BCEDEC7D530}.Debug|x64.Build.0 = Debug|x64
		{04F27035-3E08-3A6C-A9D0-9BCEDEC7D530}.Release|x64.ActiveCfg = Release|x64
		{04F27035-3E08-3A6C-A9D0-9BCEDEC7D530}.Release|x64.Build.0 = Release|x64
		{04F27035-3E08-3A6C-A9D0-9BCEDEC7D530}.MinSizeRel|x64.ActiveCfg = MinSizeRel|x64
		{04F27035-3E08-3A6C-A9D0-9BCEDEC7D530}.MinSizeRel|x64.Build.0 = MinSizeRel|x64
		{04F27035-3E08-3A6C-A9D0-9BCEDEC7D530}.RelWithDebInfo|x64.ActiveCfg = RelWithDebInfo|x64
		{04F27035-3E08-3A6C-A9D0-9BCEDEC7D530}.RelWithDebInfo|x64.Build.0 = RelWithDebInfo|x64
		{9C6CA820-F2DD-3547-AE44-CD63C0A7F4D6}.Debug|x64.ActiveCfg = Debug|x64
		{9C6CA820-F2DD-3547-AE44-CD63C0A7F4D6}.Release|x64.ActiveCfg = Release|x64
		{9C6CA820-F2DD-3547-AE44-CD63C0A7F4D6}.MinSizeRel|x64.ActiveCfg = MinSizeRel|x64
		{9C6CA820-F2DD-3547-AE44-CD63C0A7F4D6}.RelWithDebInfo|x64.ActiveCfg = RelWithDebInfo|x64
		{D4EE6002-1C03-3B00-9699-B0234B8A72F3}.Debug|x64.ActiveCfg = Debug|x64
		{D4EE6002-1C03-3B00-9699-B0234B8A72F3}.Debug|x64.Build.0 = Debug|x64
		{D4EE6002-1C03-3B00-9699-B0234B8A72F3}.Release|x64.ActiveCfg = Release|x64
		{D4EE6002-1C03-3B00-9699-B0234B8A72F3}.Release|x64.Build.0 = Release|x64
		{D4EE6002-1C03-3B00-9699-B0234B8A72F3}.MinSizeRel|x64.ActiveCfg = MinSizeRel|x64
		{D4EE6002-1C03-3B00-9699-B0234B8A72F3}.MinSizeRel|x64.Build.0 = MinSizeRel|x64
		{D4EE6002-1C03-3B00-9699-B0234B8A72F3}.RelWithDebInfo|x64.ActiveCfg = RelWithDebInfo|x64
		{D4EE6002-1C03-3B00-9699-B0234B8A72F3}.RelWithDebInfo|x64.Build.0 = RelWithDebInfo|x64
		{4A1721EB-64AB-390A-A8A3-86DE83397725}.Debug|x64.ActiveCfg = Debug|x64
		{4A1721EB-64AB-390A-A8A3-86DE83397725}.Debug|x64.Build.0 = Debug|x64
		{4A1721EB-64AB-390A-A8A3-86DE83397725}.Release|x64.ActiveCfg = Release|x64
		{4A1721EB-64AB-390A-A8A3-86DE83397725}.Release|x64.Build.0 = Release|x64
		{4A1721EB-64AB-390A-A8A3-86DE83397725}.MinSizeRel|x64.ActiveCfg = MinSizeRel|x64
		{4A1721EB-64AB-390A-A8A3-86DE83397725}.MinSizeRel|x64.Build.0 = MinSizeRel|x64
		{4A1721EB-64AB-390A-A8A3-86DE83397725}.RelWithDebInfo|x64.ActiveCfg = RelWithDebInfo|x64
		{4A1721EB-64AB-390A-A8A3-86DE83397725}.RelWithDebInfo|x64.Build.0 = RelWithDebInfo|x64
	EndGlobalSection
	GlobalSection(NestedProjects) = preSolution
		{A6905CA9-26C9-3F7C-9F87-DF3ABD1CAD89} = {7B0781D8-F349-3972-8889-F63673BFB7F0}
		{50DB83F5-A9CA-32FA-B6A0-8758873B3984} = {7B0781D8-F349-3972-8889-F63673BFB7F0}
		{39517E77-8097-3D1D-925E-8F4EDC1485D3} = {7B0781D8-F349-3972-8889-F63673BFB7F0}
		{C1243949-A270-349C-8F80-8BE21B3CA095} = {6C26B091-E610-35A0-9901-8BCDC4E84CA1}
		{801C38A7-D25F-386D-B5DC-53C6ADD33556} = {6C26B091-E610-35A0-9901-8BCDC4E84CA1}
		{9445781D-83A7-3B96-9AB3-B82A24890A86} = {6C26B091-E610-35A0-9901-8BCDC4E84CA1}
		{F2373260-C6FE-38BF-BDD7-EFA7F6D971F4} = {C1243949-A270-349C-8F80-8BE21B3CA095}
		{9D6CD3A0-EB87-3AC0-8F1A-0C4B1B994075} = {C1243949-A270-349C-8F80-8BE21B3CA095}
		{78B206C8-E350-394F-B847-483BCF24C948} = {C1243949-A270-349C-8F80-8BE21B3CA095}
		{17779373-57EF-38A6-9DEE-3219ECF9867A} = {C1243949-A270-349C-8F80-8BE21B3CA095}
		{744308A7-FE3A-3904-926D-BCB3CDEDD62F} = {C1243949-A270-349C-8F80-8BE21B3CA095}
		{BC6B05E3-95FC-334B-8B35-144DD70C1E4B} = {C1243949-A270-349C-8F80-8BE21B3CA095}
		{D4EE6002-1C03-3B00-9699-B0234B8A72F3} = {C1243949-A270-349C-8F80-8BE21B3CA095}
		{79E26050-A5D8-339A-8890-E8B4903088E0} = {801C38A7-D25F-386D-B5DC-53C6ADD33556}
		{82F40C97-87BB-3F62-967B-4F2FA9F45EB4} = {801C38A7-D25F-386D-B5DC-53C6ADD33556}
		{029D926B-2639-3A5B-A53A-7B48DDAED5A7} = {801C38A7-D25F-386D-B5DC-53C6ADD33556}
		{ACE6E0C0-702F-3EDC-B20F-92850621CBB1} = {801C38A7-D25F-386D-B5DC-53C6ADD33556}
		{EA79FFF0-11BB-3334-AC7F-D539AF4161F8} = {801C38A7-D25F-386D-B5DC-53C6ADD33556}
		{6E930B3C-69EA-3A9B-A260-3B1B966C09E2} = {801C38A7-D25F-386D-B5DC-53C6ADD33556}
		{C47536EE-FFF5-3806-A339-3A40C4A55ADD} = {801C38A7-D25F-386D-B5DC-53C6ADD33556}
		{6B32A3D0-1C6D-3832-899C-1DB70549D5A4} = {801C38A7-D25F-386D-B5DC-53C6ADD33556}
		{6C1409D2-9C4A-31E0-A42B-C0787AA05FA6} = {801C38A7-D25F-386D-B5DC-53C6ADD33556}
		{FA861206-AAD5-3182-8BB7-F962AD467144} = {801C38A7-D25F-386D-B5DC-53C6ADD33556}
		{D37BDE6E-AEA5-3AD4-992E-9451EBCFD77C} = {801C38A7-D25F-386D-B5DC-53C6ADD33556}
		{82F685C4-A3F3-37F2-AB9D-46F17F406179} = {801C38A7-D25F-386D-B5DC-53C6ADD33556}
		{B040D308-F609-3371-8413-AC21BC6A498B} = {801C38A7-D25F-386D-B5DC-53C6ADD33556}
		{7B5120D5-B1C0-3D6A-A64E-FF33B00BD1BF} = {801C38A7-D25F-386D-B5DC-53C6ADD33556}
		{04F27035-3E08-3A6C-A9D0-9BCEDEC7D530} = {801C38A7-D25F-386D-B5DC-53C6ADD33556}
		{4A1721EB-64AB-390A-A8A3-86DE83397725} = {801C38A7-D25F-386D-B5DC-53C6ADD33556}
	EndGlobalSection
	GlobalSection(ExtensibilityGlobals) = postSolution
		SolutionGuid = {5CA6FFAB-33F5-3D9E-BCD5-C65BDE9C3CAA}
	EndGlobalSection
	GlobalSection(ExtensibilityAddIns) = postSolution
	EndGlobalSection
EndGlobal
