<?xml version="1.0" encoding="utf-8"?>
<Project ToolsVersion="17.0" xmlns="http://schemas.microsoft.com/developer/msbuild/2003">
  <ItemGroup>
    <ClCompile Include="D:\git2\Computer-Graphics-Labs\Lab09_Normal_maps\Lab09_Normal_maps.cpp">
      <Filter>Source Files</Filter>
    </ClCompile>
    <ClCompile Include="D:\git2\Computer-Graphics-Labs\common\maths.cpp">
      <Filter>Source Files</Filter>
    </ClCompile>
    <ClCompile Include="D:\git2\Computer-Graphics-Labs\common\camera.cpp">
      <Filter>Source Files</Filter>
    </ClCompile>
    <ClCompile Include="D:\git2\Computer-Graphics-Labs\common\model.cpp">
      <Filter>Source Files</Filter>
    </ClCompile>
    <ClCompile Include="D:\git2\Computer-Graphics-Labs\common\light.cpp">
      <Filter>Source Files</Filter>
    </ClCompile>
  </ItemGroup>
  <ItemGroup>
    <ClInclude Include="D:\git2\Computer-Graphics-Labs\common\shader.hpp">
      <Filter>Header Files</Filter>
    </ClInclude>
    <ClInclude Include="D:\git2\Computer-Graphics-Labs\common\texture.hpp">
      <Filter>Header Files</Filter>
    </ClInclude>
    <ClInclude Include="D:\git2\Computer-Graphics-Labs\common\stb_image.hpp">
      <Filter>Header Files</Filter>
    </ClInclude>
    <ClInclude Include="D:\git2\Computer-Graphics-Labs\common\maths.hpp">
      <Filter>Header Files</Filter>
    </ClInclude>
    <ClInclude Include="D:\git2\Computer-Graphics-Labs\common\camera.hpp">
      <Filter>Header Files</Filter>
    </ClInclude>
    <ClInclude Include="D:\git2\Computer-Graphics-Labs\common\model.hpp">
      <Filter>Header Files</Filter>
    </ClInclude>
    <ClInclude Include="D:\git2\Computer-Graphics-Labs\common\light.hpp">
      <Filter>Header Files</Filter>
    </ClInclude>
  </ItemGroup>
  <ItemGroup>
    <CustomBuild Include="D:\git2\Computer-Graphics-Labs\CMakeLists.txt" />
  </ItemGroup>
  <ItemGroup>
    <None Include="D:\git2\Computer-Graphics-Labs\Lab09_Normal_maps\vertexShader.glsl" />
    <None Include="D:\git2\Computer-Graphics-Labs\Lab09_Normal_maps\fragmentShader.glsl" />
    <None Include="D:\git2\Computer-Graphics-Labs\Lab09_Normal_maps\lightVertexShader.glsl" />
    <None Include="D:\git2\Computer-Graphics-Labs\Lab09_Normal_maps\lightFragmentShader.glsl" />
  </ItemGroup>
  <ItemGroup>
    <Filter Include="Header Files">
      <UniqueIdentifier>{4F936B6C-0133-3FFE-8C10-20874D8E8D1A}</UniqueIdentifier>
    </Filter>
    <Filter Include="Source Files">
      <UniqueIdentifier>{724022ED-AEAA-3E07-BF89-6F30D2D5B705}</UniqueIdentifier>
    </Filter>
  </ItemGroup>
</Project>
